
Microsoft Visual Studio Solution File, Format Version 12.00
# Visual Studio Version 17
VisualStudioVersion = 17.0.31912.275
MinimumVisualStudioVersion = 10.0.40219.1
Project("{FAE04EC0-301F-11D3-BF4B-00C04F79EFBC}") = "Meets.UI", "Meets\Meets.UI.csproj", "{AEDD59A8-794B-4E44-8B37-9292B6DA028E}"
EndProject
Project("{FAE04EC0-301F-11D3-BF4B-00C04F79EFBC}") = "Meets.BL", "Meets.BL\Meets.BL.csproj", "{51489BF7-4294-4DF2-866E-111499C1BE93}"
EndProject
Project("{FAE04EC0-301F-11D3-BF4B-00C04F79EFBC}") = "Tests", "Tests\Tests.csproj", "{433CE328-8ED9-4104-837A-8E60C5BEA51A}"
EndProject
Global
	GlobalSection(SolutionConfigurationPlatforms) = preSolution
		Debug|Any CPU = Debug|Any CPU
		Release|Any CPU = Release|Any CPU
	EndGlobalSection
	GlobalSection(ProjectConfigurationPlatforms) = postSolution
		{AEDD59A8-794B-4E44-8B37-9292B6DA028E}.Debug|Any CPU.ActiveCfg = Debug|Any CPU
		{AEDD59A8-794B-4E44-8B37-9292B6DA028E}.Debug|Any CPU.Build.0 = Debug|Any CPU
		{AEDD59A8-794B-4E44-8B37-9292B6DA028E}.Release|Any CPU.ActiveCfg = Release|Any CPU
		{AEDD59A8-794B-4E44-8B37-9292B6DA028E}.Release|Any CPU.Build.0 = Release|Any CPU
		{51489BF7-4294-4DF2-866E-111499C1BE93}.Debug|Any CPU.ActiveCfg = Debug|Any CPU
		{51489BF7-4294-4DF2-866E-111499C1BE93}.Debug|Any CPU.Build.0 = Debug|Any CPU
		{51489BF7-4294-4DF2-866E-111499C1BE93}.Release|Any CPU.ActiveCfg = Release|Any CPU
		{51489BF7-4294-4DF2-866E-111499C1BE93}.Release|Any CPU.Build.0 = Release|Any CPU
		{433CE328-8ED9-4104-837A-8E60C5BEA51A}.Debug|Any CPU.ActiveCfg = Debug|Any CPU
		{433CE328-8ED9-4104-837A-8E60C5BEA51A}.Debug|Any CPU.Build.0 = Debug|Any CPU
		{433CE328-8ED9-4104-837A-8E60C5BEA51A}.Release|Any CPU.ActiveCfg = Release|Any CPU
		{433CE328-8ED9-4104-837A-8E60C5BEA51A}.Release|Any CPU.Build.0 = Release|Any CPU
	EndGlobalSection
	GlobalSection(SolutionProperties) = preSolution
		HideSolutionNode = FALSE
	EndGlobalSection
	GlobalSection(ExtensibilityGlobals) = postSolution
		SolutionGuid = {E24BF255-F83E-4F43-80CF-303E022DB9F5}
	EndGlobalSection
EndGlobal
